
Microsoft Visual Studio Solution File, Format Version 12.00
# Visual Studio Version 16
VisualStudioVersion = 16.0.29728.190
MinimumVisualStudioVersion = 10.0.40219.1
Project("{FAE04EC0-301F-11D3-BF4B-00C04F79EFBC}") = "DeusVultInterface", "DeusVultInterface\DeusVultInterface.csproj", "{B906E72B-184D-46CD-B09D-DD911A9AD5FB}"
EndProject
Project("{FAE04EC0-301F-11D3-BF4B-00C04F79EFBC}") = "ExtendedSerialPort", "..\..\..\Users\TP-EO-5\Desktop\ExtendedSerialPort (3)\ExtendedSerialPort\ExtendedSerialPort.csproj", "{21AC599E-E3D5-4181-AA0F-7C2E00CCA016}"
EndProject
Global
	GlobalSection(SolutionConfigurationPlatforms) = preSolution
		Debug|Any CPU = Debug|Any CPU
		Release|Any CPU = Release|Any CPU
	EndGlobalSection
	GlobalSection(ProjectConfigurationPlatforms) = postSolution
		{B906E72B-184D-46CD-B09D-DD911A9AD5FB}.Debug|Any CPU.ActiveCfg = Debug|Any CPU
		{B906E72B-184D-46CD-B09D-DD911A9AD5FB}.Debug|Any CPU.Build.0 = Debug|Any CPU
		{B906E72B-184D-46CD-B09D-DD911A9AD5FB}.Release|Any CPU.ActiveCfg = Release|Any CPU
		{B906E72B-184D-46CD-B09D-DD911A9AD5FB}.Release|Any CPU.Build.0 = Release|Any CPU
		{21AC599E-E3D5-4181-AA0F-7C2E00CCA016}.Debug|Any CPU.ActiveCfg = Debug|Any CPU
		{21AC599E-E3D5-4181-AA0F-7C2E00CCA016}.Debug|Any CPU.Build.0 = Debug|Any CPU
		{21AC599E-E3D5-4181-AA0F-7C2E00CCA016}.Release|Any CPU.ActiveCfg = Release|Any CPU
		{21AC599E-E3D5-4181-AA0F-7C2E00CCA016}.Release|Any CPU.Build.0 = Release|Any CPU
	EndGlobalSection
	GlobalSection(SolutionProperties) = preSolution
		HideSolutionNode = FALSE
	EndGlobalSection
	GlobalSection(ExtensibilityGlobals) = postSolution
		SolutionGuid = {B45DAF2F-0EEA-44D4-84CF-CA7F7B2FCC20}
	EndGlobalSection
EndGlobal
